// !$*UTF8*$!
{
	archiveVersion = 1;
	classes = {
	};
	objectVersion = 46;
	objects = {

/* Begin PBXBuildFile section */
		5909307A1D49B6DA0053458C /* main.m in Sources */ = {isa = PBXBuildFile; fileRef = 590930791D49B6DA0053458C /* main.m */; };
		5909307D1D49B6DA0053458C /* AppDelegate.m in Sources */ = {isa = PBXBuildFile; fileRef = 5909307C1D49B6DA0053458C /* AppDelegate.m */; };
		590930801D49B6DA0053458C /* ViewController.m in Sources */ = {isa = PBXBuildFile; fileRef = 5909307F1D49B6DA0053458C /* ViewController.m */; };
		590930831D49B6DA0053458C /* Main.storyboard in Resources */ = {isa = PBXBuildFile; fileRef = 590930811D49B6DA0053458C /* Main.storyboard */; };
		590930851D49B6DA0053458C /* Assets.xcassets in Resources */ = {isa = PBXBuildFile; fileRef = 590930841D49B6DA0053458C /* Assets.xcassets */; };
		590930881D49B6DA0053458C /* LaunchScreen.storyboard in Resources */ = {isa = PBXBuildFile; fileRef = 590930861D49B6DA0053458C /* LaunchScreen.storyboard */; };
		593118BB1D4B5BBE009415FD /* WSVerifyCodeView.m in Sources */ = {isa = PBXBuildFile; fileRef = 593118BA1D4B5BBE009415FD /* WSVerifyCodeView.m */; };
		A0DA480F01CAAACB06E084D4 /* libPods-VerifyCodeInputBox.a in Frameworks */ = {isa = PBXBuildFile; fileRef = D056560F0873CFB6966E9E3F /* libPods-VerifyCodeInputBox.a */; };
/* End PBXBuildFile section */

/* Begin PBXFileReference section */
		590930751D49B6DA0053458C /* VerifyCodeInputBox.app */ = {isa = PBXFileReference; explicitFileType = wrapper.application; includeInIndex = 0; path = VerifyCodeInputBox.app; sourceTree = BUILT_PRODUCTS_DIR; };
		590930791D49B6DA0053458C /* main.m */ = {isa = PBXFileReference; lastKnownFileType = sourcecode.c.objc; path = main.m; sourceTree = "<group>"; };
		5909307B1D49B6DA0053458C /* AppDelegate.h */ = {isa = PBXFileReference; lastKnownFileType = sourcecode.c.h; path = AppDelegate.h; sourceTree = "<group>"; };
		5909307C1D49B6DA0053458C /* AppDelegate.m */ = {isa = PBXFileReference; lastKnownFileType = sourcecode.c.objc; path = AppDelegate.m; sourceTree = "<group>"; };
		5909307E1D49B6DA0053458C /* ViewController.h */ = {isa = PBXFileReference; lastKnownFileType = sourcecode.c.h; path = ViewController.h; sourceTree = "<group>"; };
		5909307F1D49B6DA0053458C /* ViewController.m */ = {isa = PBXFileReference; lastKnownFileType = sourcecode.c.objc; path = ViewController.m; sourceTree = "<group>"; };
		590930821D49B6DA0053458C /* Base */ = {isa = PBXFileReference; lastKnownFileType = file.storyboard; name = Base; path = Base.lproj/Main.storyboard; sourceTree = "<group>"; };
		590930841D49B6DA0053458C /* Assets.xcassets */ = {isa = PBXFileReference; lastKnownFileType = folder.assetcatalog; path = Assets.xcassets; sourceTree = "<group>"; };
		590930871D49B6DA0053458C /* Base */ = {isa = PBXFileReference; lastKnownFileType = file.storyboard; name = Base; path = Base.lproj/LaunchScreen.storyboard; sourceTree = "<group>"; };
		590930891D49B6DA0053458C /* Info.plist */ = {isa = PBXFileReference; lastKnownFileType = text.plist.xml; path = Info.plist; sourceTree = "<group>"; };
		593118B91D4B5BBE009415FD /* WSVerifyCodeView.h */ = {isa = PBXFileReference; fileEncoding = 4; lastKnownFileType = sourcecode.c.h; path = WSVerifyCodeView.h; sourceTree = "<group>"; };
		593118BA1D4B5BBE009415FD /* WSVerifyCodeView.m */ = {isa = PBXFileReference; fileEncoding = 4; lastKnownFileType = sourcecode.c.objc; path = WSVerifyCodeView.m; sourceTree = "<group>"; };
		80C8CE69A4DF4B15FE8A27D2 /* Pods-VerifyCodeInputBox.debug.xcconfig */ = {isa = PBXFileReference; includeInIndex = 1; lastKnownFileType = text.xcconfig; name = "Pods-VerifyCodeInputBox.debug.xcconfig"; path = "Pods/Target Support Files/Pods-VerifyCodeInputBox/Pods-VerifyCodeInputBox.debug.xcconfig"; sourceTree = "<group>"; };
		D056560F0873CFB6966E9E3F /* libPods-VerifyCodeInputBox.a */ = {isa = PBXFileReference; explicitFileType = archive.ar; includeInIndex = 0; path = "libPods-VerifyCodeInputBox.a"; sourceTree = BUILT_PRODUCTS_DIR; };
		F5A849CC53B6BEB2138696B1 /* Pods-VerifyCodeInputBox.release.xcconfig */ = {isa = PBXFileReference; includeInIndex = 1; lastKnownFileType = text.xcconfig; name = "Pods-VerifyCodeInputBox.release.xcconfig"; path = "Pods/Target Support Files/Pods-VerifyCodeInputBox/Pods-VerifyCodeInputBox.release.xcconfig"; sourceTree = "<group>"; };
/* End PBXFileReference section */

/* Begin PBXFrameworksBuildPhase section */
		590930721D49B6DA0053458C /* Frameworks */ = {
			isa = PBXFrameworksBuildPhase;
			buildActionMask = 2147483647;
			files = (
				A0DA480F01CAAACB06E084D4 /* libPods-VerifyCodeInputBox.a in Frameworks */,
			);
			runOnlyForDeploymentPostprocessing = 0;
		};
/* End PBXFrameworksBuildPhase section */

/* Begin PBXGroup section */
		45F9970016CF468746FF4E36 /* Pods */ = {
			isa = PBXGroup;
			children = (
				80C8CE69A4DF4B15FE8A27D2 /* Pods-VerifyCodeInputBox.debug.xcconfig */,
				F5A849CC53B6BEB2138696B1 /* Pods-VerifyCodeInputBox.release.xcconfig */,
			);
			name = Pods;
			sourceTree = "<group>";
		};
		5909306C1D49B6DA0053458C = {
			isa = PBXGroup;
			children = (
				590930771D49B6DA0053458C /* VerifyCodeInputBox */,
				590930761D49B6DA0053458C /* Products */,
				45F9970016CF468746FF4E36 /* Pods */,
				9C857A3E24586C996C0704B5 /* Frameworks */,
			);
			sourceTree = "<group>";
		};
		590930761D49B6DA0053458C /* Products */ = {
			isa = PBXGroup;
			children = (
				590930751D49B6DA0053458C /* VerifyCodeInputBox.app */,
			);
			name = Products;
			sourceTree = "<group>";
		};
		590930771D49B6DA0053458C /* VerifyCodeInputBox */ = {
			isa = PBXGroup;
			children = (
				593118B51D4AEC06009415FD /* InputBox */,
				5909307B1D49B6DA0053458C /* AppDelegate.h */,
				5909307C1D49B6DA0053458C /* AppDelegate.m */,
				5909307E1D49B6DA0053458C /* ViewController.h */,
				5909307F1D49B6DA0053458C /* ViewController.m */,
				590930811D49B6DA0053458C /* Main.storyboard */,
				590930841D49B6DA0053458C /* Assets.xcassets */,
				590930861D49B6DA0053458C /* LaunchScreen.storyboard */,
				590930891D49B6DA0053458C /* Info.plist */,
				590930781D49B6DA0053458C /* Supporting Files */,
			);
			path = VerifyCodeInputBox;
			sourceTree = "<group>";
		};
		590930781D49B6DA0053458C /* Supporting Files */ = {
			isa = PBXGroup;
			children = (
				590930791D49B6DA0053458C /* main.m */,
			);
			name = "Supporting Files";
			sourceTree = "<group>";
		};
		593118B51D4AEC06009415FD /* InputBox */ = {
			isa = PBXGroup;
			children = (
				593118B91D4B5BBE009415FD /* WSVerifyCodeView.h */,
				593118BA1D4B5BBE009415FD /* WSVerifyCodeView.m */,
			);
			path = InputBox;
			sourceTree = "<group>";
		};
		9C857A3E24586C996C0704B5 /* Frameworks */ = {
			isa = PBXGroup;
			children = (
				D056560F0873CFB6966E9E3F /* libPods-VerifyCodeInputBox.a */,
			);
			name = Frameworks;
			sourceTree = "<group>";
		};
/* End PBXGroup section */

/* Begin PBXNativeTarget section */
		590930741D49B6DA0053458C /* VerifyCodeInputBox */ = {
			isa = PBXNativeTarget;
			buildConfigurationList = 5909308C1D49B6DA0053458C /* Build configuration list for PBXNativeTarget "VerifyCodeInputBox" */;
			buildPhases = (
				E25BCE377A353B66CCDC9550 /* [CP] Check Pods Manifest.lock */,
				590930711D49B6DA0053458C /* Sources */,
				590930721D49B6DA0053458C /* Frameworks */,
				590930731D49B6DA0053458C /* Resources */,
				8DC7B355A6448A7E584B6EA9 /* [CP] Embed Pods Frameworks */,
				4C8F785F69E0004ECF180FED /* [CP] Copy Pods Resources */,
			);
			buildRules = (
			);
			dependencies = (
			);
			name = VerifyCodeInputBox;
			productName = VerifyCodeInputBox;
			productReference = 590930751D49B6DA0053458C /* VerifyCodeInputBox.app */;
			productType = "com.apple.product-type.application";
		};
/* End PBXNativeTarget section */

/* Begin PBXProject section */
		5909306D1D49B6DA0053458C /* Project object */ = {
			isa = PBXProject;
			attributes = {
				LastUpgradeCheck = 0730;
				ORGANIZATIONNAME = JSB_02;
				TargetAttributes = {
					590930741D49B6DA0053458C = {
						CreatedOnToolsVersion = 7.3;
					};
				};
			};
			buildConfigurationList = 590930701D49B6DA0053458C /* Build configuration list for PBXProject "VerifyCodeInputBox" */;
			compatibilityVersion = "Xcode 3.2";
			developmentRegion = English;
			hasScannedForEncodings = 0;
			knownRegions = (
				en,
				Base,
			);
			mainGroup = 5909306C1D49B6DA0053458C;
			productRefGroup = 590930761D49B6DA0053458C /* Products */;
			projectDirPath = "";
			projectRoot = "";
			targets = (
				590930741D49B6DA0053458C /* VerifyCodeInputBox */,
			);
		};
/* End PBXProject section */

/* Begin PBXResourcesBuildPhase section */
		590930731D49B6DA0053458C /* Resources */ = {
			isa = PBXResourcesBuildPhase;
			buildActionMask = 2147483647;
			files = (
				590930881D49B6DA0053458C /* LaunchScreen.storyboard in Resources */,
				590930851D49B6DA0053458C /* Assets.xcassets in Resources */,
				590930831D49B6DA0053458C /* Main.storyboard in Resources */,
			);
			runOnlyForDeploymentPostprocessing = 0;
		};
/* End PBXResourcesBuildPhase section */

/* Begin PBXShellScriptBuildPhase section */
		4C8F785F69E0004ECF180FED /* [CP] Copy Pods Resources */ = {
			isa = PBXShellScriptBuildPhase;
			buildActionMask = 2147483647;
			files = (
			);
			inputPaths = (
			);
			name = "[CP] Copy Pods Resources";
			outputPaths = (
			);
			runOnlyForDeploymentPostprocessing = 0;
			shellPath = /bin/sh;
			shellScript = "\"${SRCROOT}/Pods/Target Support Files/Pods-VerifyCodeInputBox/Pods-VerifyCodeInputBox-resources.sh\"\n";
			showEnvVarsInLog = 0;
		};
		8DC7B355A6448A7E584B6EA9 /* [CP] Embed Pods Frameworks */ = {
			isa = PBXShellScriptBuildPhase;
			buildActionMask = 2147483647;
			files = (
			);
			inputPaths = (
			);
			name = "[CP] Embed Pods Frameworks";
			outputPaths = (
			);
			runOnlyForDeploymentPostprocessing = 0;
			shellPath = /bin/sh;
			shellScript = "\"${SRCROOT}/Pods/Target Support Files/Pods-VerifyCodeInputBox/Pods-VerifyCodeInputBox-frameworks.sh\"\n";
			showEnvVarsInLog = 0;
		};
		E25BCE377A353B66CCDC9550 /* [CP] Check Pods Manifest.lock */ = {
			isa = PBXShellScriptBuildPhase;
			buildActionMask = 2147483647;
			files = (
			);
			inputPaths = (
			);
			name = "[CP] Check Pods Manifest.lock";
			outputPaths = (
			);
			runOnlyForDeploymentPostprocessing = 0;
			shellPath = /bin/sh;
			shellScript = "diff \"${PODS_ROOT}/../Podfile.lock\" \"${PODS_ROOT}/Manifest.lock\" > /dev/null\nif [[ $? != 0 ]] ; then\n    cat << EOM\nerror: The sandbox is not in sync with the Podfile.lock. Run 'pod install' or update your CocoaPods installation.\nEOM\n    exit 1\nfi\n";
			showEnvVarsInLog = 0;
		};
/* End PBXShellScriptBuildPhase section */

/* Begin PBXSourcesBuildPhase section */
		590930711D49B6DA0053458C /* Sources */ = {
			isa = PBXSourcesBuildPhase;
			buildActionMask = 2147483647;
			files = (
				590930801D49B6DA0053458C /* ViewController.m in Sources */,
				593118BB1D4B5BBE009415FD /* WSVerifyCodeView.m in Sources */,
				5909307D1D49B6DA0053458C /* AppDelegate.m in Sources */,
				5909307A1D49B6DA0053458C /* main.m in Sources */,
			);
			runOnlyForDeploymentPostprocessing = 0;
		};
/* End PBXSourcesBuildPhase section */

/* Begin PBXVariantGroup section */
		590930811D49B6DA0053458C /* Main.storyboard */ = {
			isa = PBXVariantGroup;
			children = (
				590930821D49B6DA0053458C /* Base */,
			);
			name = Main.storyboard;
			sourceTree = "<group>";
		};
		590930861D49B6DA0053458C /* LaunchScreen.storyboard */ = {
			isa = PBXVariantGroup;
			children = (
				590930871D49B6DA0053458C /* Base */,
			);
			name = LaunchScreen.storyboard;
			sourceTree = "<group>";
		};
/* End PBXVariantGroup section */

/* Begin XCBuildConfiguration section */
		5909308A1D49B6DA0053458C /* Debug */ = {
			isa = XCBuildConfiguration;
			buildSettings = {
				ALWAYS_SEARCH_USER_PATHS = NO;
				CLANG_ANALYZER_NONNULL = YES;
				CLANG_CXX_LANGUAGE_STANDARD = "gnu++0x";
				CLANG_CXX_LIBRARY = "libc++";
				CLANG_ENABLE_MODULES = YES;
				CLANG_ENABLE_OBJC_ARC = YES;
				CLANG_WARN_BOOL_CONVERSION = YES;
				CLANG_WARN_CONSTANT_CONVERSION = YES;
				CLANG_WARN_DIRECT_OBJC_ISA_USAGE = YES_ERROR;
				CLANG_WARN_EMPTY_BODY = YES;
				CLANG_WARN_ENUM_CONVERSION = YES;
				CLANG_WARN_INT_CONVERSION = YES;
				CLANG_WARN_OBJC_ROOT_CLASS = YES_ERROR;
				CLANG_WARN_UNREACHABLE_CODE = YES;
				CLANG_WARN__DUPLICATE_METHOD_MATCH = YES;
				"CODE_SIGN_IDENTITY[sdk=iphoneos*]" = "iPhone Developer";
				COPY_PHASE_STRIP = NO;
				DEBUG_INFORMATION_FORMAT = dwarf;
				ENABLE_STRICT_OBJC_MSGSEND = YES;
				ENABLE_TESTABILITY = YES;
				GCC_C_LANGUAGE_STANDARD = gnu99;
				GCC_DYNAMIC_NO_PIC = NO;
				GCC_NO_COMMON_BLOCKS = YES;
				GCC_OPTIMIZATION_LEVEL = 0;
				GCC_PREPROCESSOR_DEFINITIONS = (
					"DEBUG=1",
					"$(inherited)",
				);
				GCC_WARN_64_TO_32_BIT_CONVERSION = YES;
				GCC_WARN_ABOUT_RETURN_TYPE = YES_ERROR;
				GCC_WARN_UNDECLARED_SELECTOR = YES;
				GCC_WARN_UNINITIALIZED_AUTOS = YES_AGGRESSIVE;
				GCC_WARN_UNUSED_FUNCTION = YES;
				GCC_WARN_UNUSED_VARIABLE = YES;
				IPHONEOS_DEPLOYMENT_TARGET = 9.3;
				MTL_ENABLE_DEBUG_INFO = YES;
				ONLY_ACTIVE_ARCH = YES;
				SDKROOT = iphoneos;
			};
			name = Debug;
		};
		5909308B1D49B6DA0053458C /* Release */ = {
			isa = XCBuildConfiguration;
			buildSettings = {
				ALWAYS_SEARCH_USER_PATHS = NO;
				CLANG_ANALYZER_NONNULL = YES;
				CLANG_CXX_LANGUAGE_STANDARD = "gnu++0x";
				CLANG_CXX_LIBRARY = "libc++";
				CLANG_ENABLE_MODULES = YES;
				CLANG_ENABLE_OBJC_ARC = YES;
				CLANG_WARN_BOOL_CONVERSION = YES;
				CLANG_WARN_CONSTANT_CONVERSION = YES;
				CLANG_WARN_DIRECT_OBJC_ISA_USAGE = YES_ERROR;
				CLANG_WARN_EMPTY_BODY = YES;
				CLANG_WARN_ENUM_CONVERSION = YES;
				CLANG_WARN_INT_CONVERSION = YES;
				CLANG_WARN_OBJC_ROOT_CLASS = YES_ERROR;
				CLANG_WARN_UNREACHABLE_CODE = YES;
				CLANG_WARN__DUPLICATE_METHOD_MATCH = YES;
				"CODE_SIGN_IDENTITY[sdk=iphoneos*]" = "iPhone Developer";
				COPY_PHASE_STRIP = NO;
				DEBUG_INFORMATION_FORMAT = "dwarf-with-dsym";
				ENABLE_NS_ASSERTIONS = NO;
				ENABLE_STRICT_OBJC_MSGSEND = YES;
				GCC_C_LANGUAGE_STANDARD = gnu99;
				GCC_NO_COMMON_BLOCKS = YES;
				GCC_WARN_64_TO_32_BIT_CONVERSION = YES;
				GCC_WARN_ABOUT_RETURN_TYPE = YES_ERROR;
				GCC_WARN_UNDECLARED_SELECTOR = YES;
				GCC_WARN_UNINITIALIZED_AUTOS = YES_AGGRESSIVE;
				GCC_WARN_UNUSED_FUNCTION = YES;
				GCC_WARN_UNUSED_VARIABLE = YES;
				IPHONEOS_DEPLOYMENT_TARGET = 9.3;
				MTL_ENABLE_DEBUG_INFO = NO;
				SDKROOT = iphoneos;
				VALIDATE_PRODUCT = YES;
			};
			name = Release;
		};
		5909308D1D49B6DA0053458C /* Debug */ = {
			isa = XCBuildConfiguration;
			baseConfigurationReference = 80C8CE69A4DF4B15FE8A27D2 /* Pods-VerifyCodeInputBox.debug.xcconfig */;
			buildSettings = {
				ASSETCATALOG_COMPILER_APPICON_NAME = AppIcon;
				INFOPLIST_FILE = VerifyCodeInputBox/Info.plist;
				LD_RUNPATH_SEARCH_PATHS = "$(inherited) @executable_path/Frameworks";
				PRODUCT_BUNDLE_IDENTIFIER = cn.flyfund.VerifyCodeInputBox;
				PRODUCT_NAME = "$(TARGET_NAME)";
			};
			name = Debug;
		};
		5909308E1D49B6DA0053458C /* Release */ = {
			isa = XCBuildConfiguration;
			baseConfigurationReference = F5A849CC53B6BEB2138696B1 /* Pods-VerifyCodeInputBox.release.xcconfig */;
			buildSettings = {
				ASSETCATALOG_COMPILER_APPICON_NAME = AppIcon;
				INFOPLIST_FILE = VerifyCodeInputBox/Info.plist;
				LD_RUNPATH_SEARCH_PATHS = "$(inherited) @executable_path/Frameworks";
				PRODUCT_BUNDLE_IDENTIFIER = cn.flyfund.VerifyCodeInputBox;
				PRODUCT_NAME = "$(TARGET_NAME)";
			};
			name = Release;
		};
/* End XCBuildConfiguration section */

/* Begin XCConfigurationList section */
		590930701D49B6DA0053458C /* Build configuration list for PBXProject "VerifyCodeInputBox" */ = {
			isa = XCConfigurationList;
			buildConfigurations = (
				5909308A1D49B6DA0053458C /* Debug */,
				5909308B1D49B6DA0053458C /* Release */,
			);
			defaultConfigurationIsVisible = 0;
			defaultConfigurationName = Release;
		};
		5909308C1D49B6DA0053458C /* Build configuration list for PBXNativeTarget "VerifyCodeInputBox" */ = {
			isa = XCConfigurationList;
			buildConfigurations = (
				5909308D1D49B6DA0053458C /* Debug */,
				5909308E1D49B6DA0053458C /* Release */,
			);
			defaultConfigurationIsVisible = 0;
			defaultConfigurationName = Release;
		};
/* End XCConfigurationList section */
	};
	rootObject = 5909306D1D49B6DA0053458C /* Project object */;
}
