// !$*UTF8*$!
{
	archiveVersion = 1;
	classes = {
	};
	objectVersion = 46;
	objects = {

/* Begin PBXBuildFile section */
		5911930C1CF8192300C18B34 /* main.c in Sources */ = {isa = PBXBuildFile; fileRef = 5911930B1CF8192300C18B34 /* main.c */; };
		591193141CF82EF200C18B34 /* Max.c in Sources */ = {isa = PBXBuildFile; fileRef = 591193121CF82EF200C18B34 /* Max.c */; };
/* End PBXBuildFile section */

/* Begin PBXCopyFilesBuildPhase section */
		591193061CF8192300C18B34 /* CopyFiles */ = {
			isa = PBXCopyFilesBuildPhase;
			buildActionMask = 2147483647;
			dstPath = /usr/share/man/man1/;
			dstSubfolderSpec = 0;
			files = (
			);
			runOnlyForDeploymentPostprocessing = 1;
		};
/* End PBXCopyFilesBuildPhase section */

/* Begin PBXFileReference section */
		591193081CF8192300C18B34 /* Overall */ = {isa = PBXFileReference; explicitFileType = "compiled.mach-o.executable"; includeInIndex = 0; path = Overall; sourceTree = BUILT_PRODUCTS_DIR; };
		5911930B1CF8192300C18B34 /* main.c */ = {isa = PBXFileReference; lastKnownFileType = sourcecode.c.c; path = main.c; sourceTree = "<group>"; };
		591193121CF82EF200C18B34 /* Max.c */ = {isa = PBXFileReference; fileEncoding = 4; lastKnownFileType = sourcecode.c.c; path = Max.c; sourceTree = "<group>"; };
		591193131CF82EF200C18B34 /* Max.h */ = {isa = PBXFileReference; fileEncoding = 4; lastKnownFileType = sourcecode.c.h; path = Max.h; sourceTree = "<group>"; };
/* End PBXFileReference section */

/* Begin PBXFrameworksBuildPhase section */
		591193051CF8192300C18B34 /* Frameworks */ = {
			isa = PBXFrameworksBuildPhase;
			buildActionMask = 2147483647;
			files = (
			);
			runOnlyForDeploymentPostprocessing = 0;
		};
/* End PBXFrameworksBuildPhase section */

/* Begin PBXGroup section */
		591192FF1CF8192300C18B34 = {
			isa = PBXGroup;
			children = (
				5911930A1CF8192300C18B34 /* Overall */,
				591193091CF8192300C18B34 /* Products */,
			);
			sourceTree = "<group>";
		};
		591193091CF8192300C18B34 /* Products */ = {
			isa = PBXGroup;
			children = (
				591193081CF8192300C18B34 /* Overall */,
			);
			name = Products;
			sourceTree = "<group>";
		};
		5911930A1CF8192300C18B34 /* Overall */ = {
			isa = PBXGroup;
			children = (
				5911930B1CF8192300C18B34 /* main.c */,
				591193131CF82EF200C18B34 /* Max.h */,
				591193121CF82EF200C18B34 /* Max.c */,
			);
			path = Overall;
			sourceTree = "<group>";
		};
/* End PBXGroup section */

/* Begin PBXNativeTarget section */
		591193071CF8192300C18B34 /* Overall */ = {
			isa = PBXNativeTarget;
			buildConfigurationList = 5911930F1CF8192300C18B34 /* Build configuration list for PBXNativeTarget "Overall" */;
			buildPhases = (
				591193041CF8192300C18B34 /* Sources */,
				591193051CF8192300C18B34 /* Frameworks */,
				591193061CF8192300C18B34 /* CopyFiles */,
			);
			buildRules = (
			);
			dependencies = (
			);
			name = Overall;
			productName = Overall;
			productReference = 591193081CF8192300C18B34 /* Overall */;
			productType = "com.apple.product-type.tool";
		};
/* End PBXNativeTarget section */

/* Begin PBXProject section */
		591193001CF8192300C18B34 /* Project object */ = {
			isa = PBXProject;
			attributes = {
				LastUpgradeCheck = 0730;
				ORGANIZATIONNAME = JSB_02;
				TargetAttributes = {
					591193071CF8192300C18B34 = {
						CreatedOnToolsVersion = 7.3;
					};
				};
			};
			buildConfigurationList = 591193031CF8192300C18B34 /* Build configuration list for PBXProject "Overall" */;
			compatibilityVersion = "Xcode 3.2";
			developmentRegion = English;
			hasScannedForEncodings = 0;
			knownRegions = (
				en,
			);
			mainGroup = 591192FF1CF8192300C18B34;
			productRefGroup = 591193091CF8192300C18B34 /* Products */;
			projectDirPath = "";
			projectRoot = "";
			targets = (
				591193071CF8192300C18B34 /* Overall */,
			);
		};
/* End PBXProject section */

/* Begin PBXSourcesBuildPhase section */
		591193041CF8192300C18B34 /* Sources */ = {
			isa = PBXSourcesBuildPhase;
			buildActionMask = 2147483647;
			files = (
				591193141CF82EF200C18B34 /* Max.c in Sources */,
				5911930C1CF8192300C18B34 /* main.c in Sources */,
			);
			runOnlyForDeploymentPostprocessing = 0;
		};
/* End PBXSourcesBuildPhase section */

/* Begin XCBuildConfiguration section */
		5911930D1CF8192300C18B34 /* Debug */ = {
			isa = XCBuildConfiguration;
			buildSettings = {
				ALWAYS_SEARCH_USER_PATHS = NO;
				CLANG_ANALYZER_NONNULL = YES;
				CLANG_CXX_LANGUAGE_STANDARD = "gnu++0x";
				CLANG_CXX_LIBRARY = "libc++";
				CLANG_ENABLE_MODULES = YES;
				CLANG_ENABLE_OBJC_ARC = YES;
				CLANG_WARN_BOOL_CONVERSION = YES;
				CLANG_WARN_CONSTANT_CONVERSION = YES;
				CLANG_WARN_DIRECT_OBJC_ISA_USAGE = YES_ERROR;
				CLANG_WARN_EMPTY_BODY = YES;
				CLANG_WARN_ENUM_CONVERSION = YES;
				CLANG_WARN_INT_CONVERSION = YES;
				CLANG_WARN_OBJC_ROOT_CLASS = YES_ERROR;
				CLANG_WARN_UNREACHABLE_CODE = YES;
				CLANG_WARN__DUPLICATE_METHOD_MATCH = YES;
				CODE_SIGN_IDENTITY = "-";
				COPY_PHASE_STRIP = NO;
				DEBUG_INFORMATION_FORMAT = dwarf;
				ENABLE_STRICT_OBJC_MSGSEND = YES;
				ENABLE_TESTABILITY = YES;
				GCC_C_LANGUAGE_STANDARD = gnu99;
				GCC_DYNAMIC_NO_PIC = NO;
				GCC_NO_COMMON_BLOCKS = YES;
				GCC_OPTIMIZATION_LEVEL = 0;
				GCC_PREPROCESSOR_DEFINITIONS = (
					"DEBUG=1",
					"$(inherited)",
				);
				GCC_WARN_64_TO_32_BIT_CONVERSION = YES;
				GCC_WARN_ABOUT_RETURN_TYPE = YES_ERROR;
				GCC_WARN_UNDECLARED_SELECTOR = YES;
				GCC_WARN_UNINITIALIZED_AUTOS = YES_AGGRESSIVE;
				GCC_WARN_UNUSED_FUNCTION = YES;
				GCC_WARN_UNUSED_VARIABLE = YES;
				MACOSX_DEPLOYMENT_TARGET = 10.11;
				MTL_ENABLE_DEBUG_INFO = YES;
				ONLY_ACTIVE_ARCH = YES;
				SDKROOT = macosx;
			};
			name = Debug;
		};
		5911930E1CF8192300C18B34 /* Release */ = {
			isa = XCBuildConfiguration;
			buildSettings = {
				ALWAYS_SEARCH_USER_PATHS = NO;
				CLANG_ANALYZER_NONNULL = YES;
				CLANG_CXX_LANGUAGE_STANDARD = "gnu++0x";
				CLANG_CXX_LIBRARY = "libc++";
				CLANG_ENABLE_MODULES = YES;
				CLANG_ENABLE_OBJC_ARC = YES;
				CLANG_WARN_BOOL_CONVERSION = YES;
				CLANG_WARN_CONSTANT_CONVERSION = YES;
				CLANG_WARN_DIRECT_OBJC_ISA_USAGE = YES_ERROR;
				CLANG_WARN_EMPTY_BODY = YES;
				CLANG_WARN_ENUM_CONVERSION = YES;
				CLANG_WARN_INT_CONVERSION = YES;
				CLANG_WARN_OBJC_ROOT_CLASS = YES_ERROR;
				CLANG_WARN_UNREACHABLE_CODE = YES;
				CLANG_WARN__DUPLICATE_METHOD_MATCH = YES;
				CODE_SIGN_IDENTITY = "-";
				COPY_PHASE_STRIP = NO;
				DEBUG_INFORMATION_FORMAT = "dwarf-with-dsym";
				ENABLE_NS_ASSERTIONS = NO;
				ENABLE_STRICT_OBJC_MSGSEND = YES;
				GCC_C_LANGUAGE_STANDARD = gnu99;
				GCC_NO_COMMON_BLOCKS = YES;
				GCC_WARN_64_TO_32_BIT_CONVERSION = YES;
				GCC_WARN_ABOUT_RETURN_TYPE = YES_ERROR;
				GCC_WARN_UNDECLARED_SELECTOR = YES;
				GCC_WARN_UNINITIALIZED_AUTOS = YES_AGGRESSIVE;
				GCC_WARN_UNUSED_FUNCTION = YES;
				GCC_WARN_UNUSED_VARIABLE = YES;
				MACOSX_DEPLOYMENT_TARGET = 10.11;
				MTL_ENABLE_DEBUG_INFO = NO;
				SDKROOT = macosx;
			};
			name = Release;
		};
		591193101CF8192300C18B34 /* Debug */ = {
			isa = XCBuildConfiguration;
			buildSettings = {
				PRODUCT_NAME = "$(TARGET_NAME)";
			};
			name = Debug;
		};
		591193111CF8192300C18B34 /* Release */ = {
			isa = XCBuildConfiguration;
			buildSettings = {
				PRODUCT_NAME = "$(TARGET_NAME)";
			};
			name = Release;
		};
/* End XCBuildConfiguration section */

/* Begin XCConfigurationList section */
		591193031CF8192300C18B34 /* Build configuration list for PBXProject "Overall" */ = {
			isa = XCConfigurationList;
			buildConfigurations = (
				5911930D1CF8192300C18B34 /* Debug */,
				5911930E1CF8192300C18B34 /* Release */,
			);
			defaultConfigurationIsVisible = 0;
			defaultConfigurationName = Release;
		};
		5911930F1CF8192300C18B34 /* Build configuration list for PBXNativeTarget "Overall" */ = {
			isa = XCConfigurationList;
			buildConfigurations = (
				591193101CF8192300C18B34 /* Debug */,
				591193111CF8192300C18B34 /* Release */,
			);
			defaultConfigurationIsVisible = 0;
		};
/* End XCConfigurationList section */
	};
	rootObject = 591193001CF8192300C18B34 /* Project object */;
}
