// !$*UTF8*$!
{
	archiveVersion = 1;
	classes = {
	};
	objectVersion = 46;
	objects = {

/* Begin PBXBuildFile section */
		59623EFE1D11505E0049F93D /* main.cpp in Sources */ = {isa = PBXBuildFile; fileRef = 59623EFD1D11505E0049F93D /* main.cpp */; };
		59FE3E331D178C4E00DDF4CB /* moretest.cpp in Sources */ = {isa = PBXBuildFile; fileRef = 59FE3E311D178C4E00DDF4CB /* moretest.cpp */; };
/* End PBXBuildFile section */

/* Begin PBXCopyFilesBuildPhase section */
		59623EF81D11505E0049F93D /* CopyFiles */ = {
			isa = PBXCopyFilesBuildPhase;
			buildActionMask = 2147483647;
			dstPath = /usr/share/man/man1/;
			dstSubfolderSpec = 0;
			files = (
			);
			runOnlyForDeploymentPostprocessing = 1;
		};
/* End PBXCopyFilesBuildPhase section */

/* Begin PBXFileReference section */
		59623EFA1D11505E0049F93D /* VailablesAndBaseTypes */ = {isa = PBXFileReference; explicitFileType = "compiled.mach-o.executable"; includeInIndex = 0; path = VailablesAndBaseTypes; sourceTree = BUILT_PRODUCTS_DIR; };
		59623EFD1D11505E0049F93D /* main.cpp */ = {isa = PBXFileReference; lastKnownFileType = sourcecode.cpp.cpp; path = main.cpp; sourceTree = "<group>"; };
		59FE3E311D178C4E00DDF4CB /* moretest.cpp */ = {isa = PBXFileReference; fileEncoding = 4; lastKnownFileType = sourcecode.cpp.cpp; path = moretest.cpp; sourceTree = "<group>"; };
		59FE3E321D178C4E00DDF4CB /* moretest.hpp */ = {isa = PBXFileReference; fileEncoding = 4; lastKnownFileType = sourcecode.cpp.h; path = moretest.hpp; sourceTree = "<group>"; };
/* End PBXFileReference section */

/* Begin PBXFrameworksBuildPhase section */
		59623EF71D11505E0049F93D /* Frameworks */ = {
			isa = PBXFrameworksBuildPhase;
			buildActionMask = 2147483647;
			files = (
			);
			runOnlyForDeploymentPostprocessing = 0;
		};
/* End PBXFrameworksBuildPhase section */

/* Begin PBXGroup section */
		59623EF11D11505E0049F93D = {
			isa = PBXGroup;
			children = (
				59623EFC1D11505E0049F93D /* VailablesAndBaseTypes */,
				59623EFB1D11505E0049F93D /* Products */,
			);
			sourceTree = "<group>";
		};
		59623EFB1D11505E0049F93D /* Products */ = {
			isa = PBXGroup;
			children = (
				59623EFA1D11505E0049F93D /* VailablesAndBaseTypes */,
			);
			name = Products;
			sourceTree = "<group>";
		};
		59623EFC1D11505E0049F93D /* VailablesAndBaseTypes */ = {
			isa = PBXGroup;
			children = (
				59623EFD1D11505E0049F93D /* main.cpp */,
				59FE3E311D178C4E00DDF4CB /* moretest.cpp */,
				59FE3E321D178C4E00DDF4CB /* moretest.hpp */,
			);
			path = VailablesAndBaseTypes;
			sourceTree = "<group>";
		};
/* End PBXGroup section */

/* Begin PBXNativeTarget section */
		59623EF91D11505E0049F93D /* VailablesAndBaseTypes */ = {
			isa = PBXNativeTarget;
			buildConfigurationList = 59623F011D11505E0049F93D /* Build configuration list for PBXNativeTarget "VailablesAndBaseTypes" */;
			buildPhases = (
				59623EF61D11505E0049F93D /* Sources */,
				59623EF71D11505E0049F93D /* Frameworks */,
				59623EF81D11505E0049F93D /* CopyFiles */,
			);
			buildRules = (
			);
			dependencies = (
			);
			name = VailablesAndBaseTypes;
			productName = VailablesAndBaseTypes;
			productReference = 59623EFA1D11505E0049F93D /* VailablesAndBaseTypes */;
			productType = "com.apple.product-type.tool";
		};
/* End PBXNativeTarget section */

/* Begin PBXProject section */
		59623EF21D11505E0049F93D /* Project object */ = {
			isa = PBXProject;
			attributes = {
				LastUpgradeCheck = 0730;
				ORGANIZATIONNAME = JSB_02;
				TargetAttributes = {
					59623EF91D11505E0049F93D = {
						CreatedOnToolsVersion = 7.3;
					};
				};
			};
			buildConfigurationList = 59623EF51D11505E0049F93D /* Build configuration list for PBXProject "VailablesAndBaseTypes" */;
			compatibilityVersion = "Xcode 3.2";
			developmentRegion = English;
			hasScannedForEncodings = 0;
			knownRegions = (
				en,
			);
			mainGroup = 59623EF11D11505E0049F93D;
			productRefGroup = 59623EFB1D11505E0049F93D /* Products */;
			projectDirPath = "";
			projectRoot = "";
			targets = (
				59623EF91D11505E0049F93D /* VailablesAndBaseTypes */,
			);
		};
/* End PBXProject section */

/* Begin PBXSourcesBuildPhase section */
		59623EF61D11505E0049F93D /* Sources */ = {
			isa = PBXSourcesBuildPhase;
			buildActionMask = 2147483647;
			files = (
				59FE3E331D178C4E00DDF4CB /* moretest.cpp in Sources */,
				59623EFE1D11505E0049F93D /* main.cpp in Sources */,
			);
			runOnlyForDeploymentPostprocessing = 0;
		};
/* End PBXSourcesBuildPhase section */

/* Begin XCBuildConfiguration section */
		59623EFF1D11505E0049F93D /* Debug */ = {
			isa = XCBuildConfiguration;
			buildSettings = {
				ALWAYS_SEARCH_USER_PATHS = NO;
				CLANG_ANALYZER_NONNULL = YES;
				CLANG_CXX_LANGUAGE_STANDARD = "gnu++0x";
				CLANG_CXX_LIBRARY = "libc++";
				CLANG_ENABLE_MODULES = YES;
				CLANG_ENABLE_OBJC_ARC = YES;
				CLANG_WARN_BOOL_CONVERSION = YES;
				CLANG_WARN_CONSTANT_CONVERSION = YES;
				CLANG_WARN_DIRECT_OBJC_ISA_USAGE = YES_ERROR;
				CLANG_WARN_EMPTY_BODY = YES;
				CLANG_WARN_ENUM_CONVERSION = YES;
				CLANG_WARN_INT_CONVERSION = YES;
				CLANG_WARN_OBJC_ROOT_CLASS = YES_ERROR;
				CLANG_WARN_UNREACHABLE_CODE = YES;
				CLANG_WARN__DUPLICATE_METHOD_MATCH = YES;
				CODE_SIGN_IDENTITY = "-";
				COPY_PHASE_STRIP = NO;
				DEBUG_INFORMATION_FORMAT = dwarf;
				ENABLE_STRICT_OBJC_MSGSEND = YES;
				ENABLE_TESTABILITY = YES;
				GCC_C_LANGUAGE_STANDARD = gnu99;
				GCC_DYNAMIC_NO_PIC = NO;
				GCC_NO_COMMON_BLOCKS = YES;
				GCC_OPTIMIZATION_LEVEL = 0;
				GCC_PREPROCESSOR_DEFINITIONS = (
					"DEBUG=1",
					"$(inherited)",
				);
				GCC_WARN_64_TO_32_BIT_CONVERSION = YES;
				GCC_WARN_ABOUT_RETURN_TYPE = YES_ERROR;
				GCC_WARN_UNDECLARED_SELECTOR = YES;
				GCC_WARN_UNINITIALIZED_AUTOS = YES_AGGRESSIVE;
				GCC_WARN_UNUSED_FUNCTION = YES;
				GCC_WARN_UNUSED_VARIABLE = YES;
				MACOSX_DEPLOYMENT_TARGET = 10.11;
				MTL_ENABLE_DEBUG_INFO = YES;
				ONLY_ACTIVE_ARCH = YES;
				SDKROOT = macosx;
			};
			name = Debug;
		};
		59623F001D11505E0049F93D /* Release */ = {
			isa = XCBuildConfiguration;
			buildSettings = {
				ALWAYS_SEARCH_USER_PATHS = NO;
				CLANG_ANALYZER_NONNULL = YES;
				CLANG_CXX_LANGUAGE_STANDARD = "gnu++0x";
				CLANG_CXX_LIBRARY = "libc++";
				CLANG_ENABLE_MODULES = YES;
				CLANG_ENABLE_OBJC_ARC = YES;
				CLANG_WARN_BOOL_CONVERSION = YES;
				CLANG_WARN_CONSTANT_CONVERSION = YES;
				CLANG_WARN_DIRECT_OBJC_ISA_USAGE = YES_ERROR;
				CLANG_WARN_EMPTY_BODY = YES;
				CLANG_WARN_ENUM_CONVERSION = YES;
				CLANG_WARN_INT_CONVERSION = YES;
				CLANG_WARN_OBJC_ROOT_CLASS = YES_ERROR;
				CLANG_WARN_UNREACHABLE_CODE = YES;
				CLANG_WARN__DUPLICATE_METHOD_MATCH = YES;
				CODE_SIGN_IDENTITY = "-";
				COPY_PHASE_STRIP = NO;
				DEBUG_INFORMATION_FORMAT = "dwarf-with-dsym";
				ENABLE_NS_ASSERTIONS = NO;
				ENABLE_STRICT_OBJC_MSGSEND = YES;
				GCC_C_LANGUAGE_STANDARD = gnu99;
				GCC_NO_COMMON_BLOCKS = YES;
				GCC_WARN_64_TO_32_BIT_CONVERSION = YES;
				GCC_WARN_ABOUT_RETURN_TYPE = YES_ERROR;
				GCC_WARN_UNDECLARED_SELECTOR = YES;
				GCC_WARN_UNINITIALIZED_AUTOS = YES_AGGRESSIVE;
				GCC_WARN_UNUSED_FUNCTION = YES;
				GCC_WARN_UNUSED_VARIABLE = YES;
				MACOSX_DEPLOYMENT_TARGET = 10.11;
				MTL_ENABLE_DEBUG_INFO = NO;
				SDKROOT = macosx;
			};
			name = Release;
		};
		59623F021D11505E0049F93D /* Debug */ = {
			isa = XCBuildConfiguration;
			buildSettings = {
				PRODUCT_NAME = "$(TARGET_NAME)";
			};
			name = Debug;
		};
		59623F031D11505E0049F93D /* Release */ = {
			isa = XCBuildConfiguration;
			buildSettings = {
				PRODUCT_NAME = "$(TARGET_NAME)";
			};
			name = Release;
		};
/* End XCBuildConfiguration section */

/* Begin XCConfigurationList section */
		59623EF51D11505E0049F93D /* Build configuration list for PBXProject "VailablesAndBaseTypes" */ = {
			isa = XCConfigurationList;
			buildConfigurations = (
				59623EFF1D11505E0049F93D /* Debug */,
				59623F001D11505E0049F93D /* Release */,
			);
			defaultConfigurationIsVisible = 0;
			defaultConfigurationName = Release;
		};
		59623F011D11505E0049F93D /* Build configuration list for PBXNativeTarget "VailablesAndBaseTypes" */ = {
			isa = XCConfigurationList;
			buildConfigurations = (
				59623F021D11505E0049F93D /* Debug */,
				59623F031D11505E0049F93D /* Release */,
			);
			defaultConfigurationIsVisible = 0;
			defaultConfigurationName = Release;
		};
/* End XCConfigurationList section */
	};
	rootObject = 59623EF21D11505E0049F93D /* Project object */;
}
