// !$*UTF8*$!
{
	archiveVersion = 1;
	classes = {
	};
	objectVersion = 46;
	objects = {

/* Begin PBXBuildFile section */
		59825B6D1D66A88D00433D56 /* main.m in Sources */ = {isa = PBXBuildFile; fileRef = 59825B6C1D66A88D00433D56 /* main.m */; };
		59825B701D66A88D00433D56 /* AppDelegate.m in Sources */ = {isa = PBXBuildFile; fileRef = 59825B6F1D66A88D00433D56 /* AppDelegate.m */; };
		59825B731D66A88D00433D56 /* ViewController.m in Sources */ = {isa = PBXBuildFile; fileRef = 59825B721D66A88D00433D56 /* ViewController.m */; };
		59825B761D66A88D00433D56 /* Main.storyboard in Resources */ = {isa = PBXBuildFile; fileRef = 59825B741D66A88D00433D56 /* Main.storyboard */; };
		59825B781D66A88D00433D56 /* Assets.xcassets in Resources */ = {isa = PBXBuildFile; fileRef = 59825B771D66A88D00433D56 /* Assets.xcassets */; };
		59825B7B1D66A88D00433D56 /* LaunchScreen.storyboard in Resources */ = {isa = PBXBuildFile; fileRef = 59825B791D66A88D00433D56 /* LaunchScreen.storyboard */; };
		59D57D111D7AB31500F5F5DD /* NSObject+Caculator.m in Sources */ = {isa = PBXBuildFile; fileRef = 59D57D101D7AB31500F5F5DD /* NSObject+Caculator.m */; };
		59D57D141D7AB8C100F5F5DD /* CaculatorMaker.m in Sources */ = {isa = PBXBuildFile; fileRef = 59D57D131D7AB8C100F5F5DD /* CaculatorMaker.m */; };
/* End PBXBuildFile section */

/* Begin PBXFileReference section */
		59825B681D66A88D00433D56 /* aaa.app */ = {isa = PBXFileReference; explicitFileType = wrapper.application; includeInIndex = 0; path = aaa.app; sourceTree = BUILT_PRODUCTS_DIR; };
		59825B6C1D66A88D00433D56 /* main.m */ = {isa = PBXFileReference; lastKnownFileType = sourcecode.c.objc; path = main.m; sourceTree = "<group>"; };
		59825B6E1D66A88D00433D56 /* AppDelegate.h */ = {isa = PBXFileReference; lastKnownFileType = sourcecode.c.h; path = AppDelegate.h; sourceTree = "<group>"; };
		59825B6F1D66A88D00433D56 /* AppDelegate.m */ = {isa = PBXFileReference; lastKnownFileType = sourcecode.c.objc; path = AppDelegate.m; sourceTree = "<group>"; };
		59825B711D66A88D00433D56 /* ViewController.h */ = {isa = PBXFileReference; lastKnownFileType = sourcecode.c.h; path = ViewController.h; sourceTree = "<group>"; };
		59825B721D66A88D00433D56 /* ViewController.m */ = {isa = PBXFileReference; lastKnownFileType = sourcecode.c.objc; path = ViewController.m; sourceTree = "<group>"; };
		59825B751D66A88D00433D56 /* Base */ = {isa = PBXFileReference; lastKnownFileType = file.storyboard; name = Base; path = Base.lproj/Main.storyboard; sourceTree = "<group>"; };
		59825B771D66A88D00433D56 /* Assets.xcassets */ = {isa = PBXFileReference; lastKnownFileType = folder.assetcatalog; path = Assets.xcassets; sourceTree = "<group>"; };
		59825B7A1D66A88D00433D56 /* Base */ = {isa = PBXFileReference; lastKnownFileType = file.storyboard; name = Base; path = Base.lproj/LaunchScreen.storyboard; sourceTree = "<group>"; };
		59825B7C1D66A88D00433D56 /* Info.plist */ = {isa = PBXFileReference; lastKnownFileType = text.plist.xml; path = Info.plist; sourceTree = "<group>"; };
		59D57D0F1D7AB31500F5F5DD /* NSObject+Caculator.h */ = {isa = PBXFileReference; fileEncoding = 4; lastKnownFileType = sourcecode.c.h; path = "NSObject+Caculator.h"; sourceTree = "<group>"; };
		59D57D101D7AB31500F5F5DD /* NSObject+Caculator.m */ = {isa = PBXFileReference; fileEncoding = 4; lastKnownFileType = sourcecode.c.objc; path = "NSObject+Caculator.m"; sourceTree = "<group>"; };
		59D57D121D7AB8C100F5F5DD /* CaculatorMaker.h */ = {isa = PBXFileReference; fileEncoding = 4; lastKnownFileType = sourcecode.c.h; name = CaculatorMaker.h; path = ../CaculatorMaker.h; sourceTree = "<group>"; };
		59D57D131D7AB8C100F5F5DD /* CaculatorMaker.m */ = {isa = PBXFileReference; fileEncoding = 4; lastKnownFileType = sourcecode.c.objc; name = CaculatorMaker.m; path = ../CaculatorMaker.m; sourceTree = "<group>"; };
/* End PBXFileReference section */

/* Begin PBXFrameworksBuildPhase section */
		59825B651D66A88D00433D56 /* Frameworks */ = {
			isa = PBXFrameworksBuildPhase;
			buildActionMask = 2147483647;
			files = (
			);
			runOnlyForDeploymentPostprocessing = 0;
		};
/* End PBXFrameworksBuildPhase section */

/* Begin PBXGroup section */
		59825B5F1D66A88D00433D56 = {
			isa = PBXGroup;
			children = (
				59825B6A1D66A88D00433D56 /* aaa */,
				59825B691D66A88D00433D56 /* Products */,
			);
			sourceTree = "<group>";
		};
		59825B691D66A88D00433D56 /* Products */ = {
			isa = PBXGroup;
			children = (
				59825B681D66A88D00433D56 /* aaa.app */,
			);
			name = Products;
			sourceTree = "<group>";
		};
		59825B6A1D66A88D00433D56 /* aaa */ = {
			isa = PBXGroup;
			children = (
				59D57D121D7AB8C100F5F5DD /* CaculatorMaker.h */,
				59D57D131D7AB8C100F5F5DD /* CaculatorMaker.m */,
				59825B6E1D66A88D00433D56 /* AppDelegate.h */,
				59825B6F1D66A88D00433D56 /* AppDelegate.m */,
				59825B711D66A88D00433D56 /* ViewController.h */,
				59825B721D66A88D00433D56 /* ViewController.m */,
				59825B741D66A88D00433D56 /* Main.storyboard */,
				59825B771D66A88D00433D56 /* Assets.xcassets */,
				59825B791D66A88D00433D56 /* LaunchScreen.storyboard */,
				59825B7C1D66A88D00433D56 /* Info.plist */,
				59825B6B1D66A88D00433D56 /* Supporting Files */,
				59D57D0F1D7AB31500F5F5DD /* NSObject+Caculator.h */,
				59D57D101D7AB31500F5F5DD /* NSObject+Caculator.m */,
			);
			path = aaa;
			sourceTree = "<group>";
		};
		59825B6B1D66A88D00433D56 /* Supporting Files */ = {
			isa = PBXGroup;
			children = (
				59825B6C1D66A88D00433D56 /* main.m */,
			);
			name = "Supporting Files";
			sourceTree = "<group>";
		};
/* End PBXGroup section */

/* Begin PBXNativeTarget section */
		59825B671D66A88D00433D56 /* aaa */ = {
			isa = PBXNativeTarget;
			buildConfigurationList = 59825B7F1D66A88D00433D56 /* Build configuration list for PBXNativeTarget "aaa" */;
			buildPhases = (
				59825B641D66A88D00433D56 /* Sources */,
				59825B651D66A88D00433D56 /* Frameworks */,
				59825B661D66A88D00433D56 /* Resources */,
			);
			buildRules = (
			);
			dependencies = (
			);
			name = aaa;
			productName = aaa;
			productReference = 59825B681D66A88D00433D56 /* aaa.app */;
			productType = "com.apple.product-type.application";
		};
/* End PBXNativeTarget section */

/* Begin PBXProject section */
		59825B601D66A88D00433D56 /* Project object */ = {
			isa = PBXProject;
			attributes = {
				LastUpgradeCheck = 0730;
				ORGANIZATIONNAME = JSB_02;
				TargetAttributes = {
					59825B671D66A88D00433D56 = {
						CreatedOnToolsVersion = 7.3;
					};
				};
			};
			buildConfigurationList = 59825B631D66A88D00433D56 /* Build configuration list for PBXProject "aaa" */;
			compatibilityVersion = "Xcode 3.2";
			developmentRegion = English;
			hasScannedForEncodings = 0;
			knownRegions = (
				en,
				Base,
			);
			mainGroup = 59825B5F1D66A88D00433D56;
			productRefGroup = 59825B691D66A88D00433D56 /* Products */;
			projectDirPath = "";
			projectRoot = "";
			targets = (
				59825B671D66A88D00433D56 /* aaa */,
			);
		};
/* End PBXProject section */

/* Begin PBXResourcesBuildPhase section */
		59825B661D66A88D00433D56 /* Resources */ = {
			isa = PBXResourcesBuildPhase;
			buildActionMask = 2147483647;
			files = (
				59825B7B1D66A88D00433D56 /* LaunchScreen.storyboard in Resources */,
				59825B781D66A88D00433D56 /* Assets.xcassets in Resources */,
				59825B761D66A88D00433D56 /* Main.storyboard in Resources */,
			);
			runOnlyForDeploymentPostprocessing = 0;
		};
/* End PBXResourcesBuildPhase section */

/* Begin PBXSourcesBuildPhase section */
		59825B641D66A88D00433D56 /* Sources */ = {
			isa = PBXSourcesBuildPhase;
			buildActionMask = 2147483647;
			files = (
				59D57D111D7AB31500F5F5DD /* NSObject+Caculator.m in Sources */,
				59D57D141D7AB8C100F5F5DD /* CaculatorMaker.m in Sources */,
				59825B731D66A88D00433D56 /* ViewController.m in Sources */,
				59825B701D66A88D00433D56 /* AppDelegate.m in Sources */,
				59825B6D1D66A88D00433D56 /* main.m in Sources */,
			);
			runOnlyForDeploymentPostprocessing = 0;
		};
/* End PBXSourcesBuildPhase section */

/* Begin PBXVariantGroup section */
		59825B741D66A88D00433D56 /* Main.storyboard */ = {
			isa = PBXVariantGroup;
			children = (
				59825B751D66A88D00433D56 /* Base */,
			);
			name = Main.storyboard;
			sourceTree = "<group>";
		};
		59825B791D66A88D00433D56 /* LaunchScreen.storyboard */ = {
			isa = PBXVariantGroup;
			children = (
				59825B7A1D66A88D00433D56 /* Base */,
			);
			name = LaunchScreen.storyboard;
			sourceTree = "<group>";
		};
/* End PBXVariantGroup section */

/* Begin XCBuildConfiguration section */
		59825B7D1D66A88D00433D56 /* Debug */ = {
			isa = XCBuildConfiguration;
			buildSettings = {
				ALWAYS_SEARCH_USER_PATHS = NO;
				CLANG_ANALYZER_NONNULL = YES;
				CLANG_CXX_LANGUAGE_STANDARD = "gnu++0x";
				CLANG_CXX_LIBRARY = "libc++";
				CLANG_ENABLE_MODULES = YES;
				CLANG_ENABLE_OBJC_ARC = YES;
				CLANG_WARN_BOOL_CONVERSION = YES;
				CLANG_WARN_CONSTANT_CONVERSION = YES;
				CLANG_WARN_DIRECT_OBJC_ISA_USAGE = YES_ERROR;
				CLANG_WARN_EMPTY_BODY = YES;
				CLANG_WARN_ENUM_CONVERSION = YES;
				CLANG_WARN_INT_CONVERSION = YES;
				CLANG_WARN_OBJC_ROOT_CLASS = YES_ERROR;
				CLANG_WARN_UNREACHABLE_CODE = YES;
				CLANG_WARN__DUPLICATE_METHOD_MATCH = YES;
				"CODE_SIGN_IDENTITY[sdk=iphoneos*]" = "iPhone Developer";
				COPY_PHASE_STRIP = NO;
				DEBUG_INFORMATION_FORMAT = dwarf;
				ENABLE_STRICT_OBJC_MSGSEND = YES;
				ENABLE_TESTABILITY = YES;
				GCC_C_LANGUAGE_STANDARD = gnu99;
				GCC_DYNAMIC_NO_PIC = NO;
				GCC_NO_COMMON_BLOCKS = YES;
				GCC_OPTIMIZATION_LEVEL = 0;
				GCC_PREPROCESSOR_DEFINITIONS = (
					"DEBUG=1",
					"$(inherited)",
				);
				GCC_WARN_64_TO_32_BIT_CONVERSION = YES;
				GCC_WARN_ABOUT_RETURN_TYPE = YES_ERROR;
				GCC_WARN_UNDECLARED_SELECTOR = YES;
				GCC_WARN_UNINITIALIZED_AUTOS = YES_AGGRESSIVE;
				GCC_WARN_UNUSED_FUNCTION = YES;
				GCC_WARN_UNUSED_VARIABLE = YES;
				IPHONEOS_DEPLOYMENT_TARGET = 9.3;
				MTL_ENABLE_DEBUG_INFO = YES;
				ONLY_ACTIVE_ARCH = YES;
				SDKROOT = iphoneos;
			};
			name = Debug;
		};
		59825B7E1D66A88D00433D56 /* Release */ = {
			isa = XCBuildConfiguration;
			buildSettings = {
				ALWAYS_SEARCH_USER_PATHS = NO;
				CLANG_ANALYZER_NONNULL = YES;
				CLANG_CXX_LANGUAGE_STANDARD = "gnu++0x";
				CLANG_CXX_LIBRARY = "libc++";
				CLANG_ENABLE_MODULES = YES;
				CLANG_ENABLE_OBJC_ARC = YES;
				CLANG_WARN_BOOL_CONVERSION = YES;
				CLANG_WARN_CONSTANT_CONVERSION = YES;
				CLANG_WARN_DIRECT_OBJC_ISA_USAGE = YES_ERROR;
				CLANG_WARN_EMPTY_BODY = YES;
				CLANG_WARN_ENUM_CONVERSION = YES;
				CLANG_WARN_INT_CONVERSION = YES;
				CLANG_WARN_OBJC_ROOT_CLASS = YES_ERROR;
				CLANG_WARN_UNREACHABLE_CODE = YES;
				CLANG_WARN__DUPLICATE_METHOD_MATCH = YES;
				"CODE_SIGN_IDENTITY[sdk=iphoneos*]" = "iPhone Developer";
				COPY_PHASE_STRIP = NO;
				DEBUG_INFORMATION_FORMAT = "dwarf-with-dsym";
				ENABLE_NS_ASSERTIONS = NO;
				ENABLE_STRICT_OBJC_MSGSEND = YES;
				GCC_C_LANGUAGE_STANDARD = gnu99;
				GCC_NO_COMMON_BLOCKS = YES;
				GCC_WARN_64_TO_32_BIT_CONVERSION = YES;
				GCC_WARN_ABOUT_RETURN_TYPE = YES_ERROR;
				GCC_WARN_UNDECLARED_SELECTOR = YES;
				GCC_WARN_UNINITIALIZED_AUTOS = YES_AGGRESSIVE;
				GCC_WARN_UNUSED_FUNCTION = YES;
				GCC_WARN_UNUSED_VARIABLE = YES;
				IPHONEOS_DEPLOYMENT_TARGET = 9.3;
				MTL_ENABLE_DEBUG_INFO = NO;
				SDKROOT = iphoneos;
				VALIDATE_PRODUCT = YES;
			};
			name = Release;
		};
		59825B801D66A88D00433D56 /* Debug */ = {
			isa = XCBuildConfiguration;
			buildSettings = {
				ASSETCATALOG_COMPILER_APPICON_NAME = AppIcon;
				INFOPLIST_FILE = aaa/Info.plist;
				LD_RUNPATH_SEARCH_PATHS = "$(inherited) @executable_path/Frameworks";
				PRODUCT_BUNDLE_IDENTIFIER = cn.flyfund.aaa;
				PRODUCT_NAME = "$(TARGET_NAME)";
			};
			name = Debug;
		};
		59825B811D66A88D00433D56 /* Release */ = {
			isa = XCBuildConfiguration;
			buildSettings = {
				ASSETCATALOG_COMPILER_APPICON_NAME = AppIcon;
				INFOPLIST_FILE = aaa/Info.plist;
				LD_RUNPATH_SEARCH_PATHS = "$(inherited) @executable_path/Frameworks";
				PRODUCT_BUNDLE_IDENTIFIER = cn.flyfund.aaa;
				PRODUCT_NAME = "$(TARGET_NAME)";
			};
			name = Release;
		};
/* End XCBuildConfiguration section */

/* Begin XCConfigurationList section */
		59825B631D66A88D00433D56 /* Build configuration list for PBXProject "aaa" */ = {
			isa = XCConfigurationList;
			buildConfigurations = (
				59825B7D1D66A88D00433D56 /* Debug */,
				59825B7E1D66A88D00433D56 /* Release */,
			);
			defaultConfigurationIsVisible = 0;
			defaultConfigurationName = Release;
		};
		59825B7F1D66A88D00433D56 /* Build configuration list for PBXNativeTarget "aaa" */ = {
			isa = XCConfigurationList;
			buildConfigurations = (
				59825B801D66A88D00433D56 /* Debug */,
				59825B811D66A88D00433D56 /* Release */,
			);
			defaultConfigurationIsVisible = 0;
			defaultConfigurationName = Release;
		};
/* End XCConfigurationList section */
	};
	rootObject = 59825B601D66A88D00433D56 /* Project object */;
}
