// !$*UTF8*$!
{
	archiveVersion = 1;
	classes = {
	};
	objectVersion = 46;
	objects = {

/* Begin PBXBuildFile section */
		59BC15781D2B62C8006973FA /* main.m in Sources */ = {isa = PBXBuildFile; fileRef = 59BC15771D2B62C8006973FA /* main.m */; };
		59BC157B1D2B62C8006973FA /* AppDelegate.m in Sources */ = {isa = PBXBuildFile; fileRef = 59BC157A1D2B62C8006973FA /* AppDelegate.m */; };
		59BC157E1D2B62C8006973FA /* ViewController.m in Sources */ = {isa = PBXBuildFile; fileRef = 59BC157D1D2B62C8006973FA /* ViewController.m */; };
		59BC15811D2B62C8006973FA /* Main.storyboard in Resources */ = {isa = PBXBuildFile; fileRef = 59BC157F1D2B62C8006973FA /* Main.storyboard */; };
		59BC15831D2B62C8006973FA /* Assets.xcassets in Resources */ = {isa = PBXBuildFile; fileRef = 59BC15821D2B62C8006973FA /* Assets.xcassets */; };
		59BC15861D2B62C8006973FA /* LaunchScreen.storyboard in Resources */ = {isa = PBXBuildFile; fileRef = 59BC15841D2B62C8006973FA /* LaunchScreen.storyboard */; };
/* End PBXBuildFile section */

/* Begin PBXFileReference section */
		59BC15731D2B62C8006973FA /* Quartz2DProgrammingGuide.app */ = {isa = PBXFileReference; explicitFileType = wrapper.application; includeInIndex = 0; path = Quartz2DProgrammingGuide.app; sourceTree = BUILT_PRODUCTS_DIR; };
		59BC15771D2B62C8006973FA /* main.m */ = {isa = PBXFileReference; lastKnownFileType = sourcecode.c.objc; path = main.m; sourceTree = "<group>"; };
		59BC15791D2B62C8006973FA /* AppDelegate.h */ = {isa = PBXFileReference; lastKnownFileType = sourcecode.c.h; path = AppDelegate.h; sourceTree = "<group>"; };
		59BC157A1D2B62C8006973FA /* AppDelegate.m */ = {isa = PBXFileReference; lastKnownFileType = sourcecode.c.objc; path = AppDelegate.m; sourceTree = "<group>"; };
		59BC157C1D2B62C8006973FA /* ViewController.h */ = {isa = PBXFileReference; lastKnownFileType = sourcecode.c.h; path = ViewController.h; sourceTree = "<group>"; };
		59BC157D1D2B62C8006973FA /* ViewController.m */ = {isa = PBXFileReference; lastKnownFileType = sourcecode.c.objc; path = ViewController.m; sourceTree = "<group>"; };
		59BC15801D2B62C8006973FA /* Base */ = {isa = PBXFileReference; lastKnownFileType = file.storyboard; name = Base; path = Base.lproj/Main.storyboard; sourceTree = "<group>"; };
		59BC15821D2B62C8006973FA /* Assets.xcassets */ = {isa = PBXFileReference; lastKnownFileType = folder.assetcatalog; path = Assets.xcassets; sourceTree = "<group>"; };
		59BC15851D2B62C8006973FA /* Base */ = {isa = PBXFileReference; lastKnownFileType = file.storyboard; name = Base; path = Base.lproj/LaunchScreen.storyboard; sourceTree = "<group>"; };
		59BC15871D2B62C8006973FA /* Info.plist */ = {isa = PBXFileReference; lastKnownFileType = text.plist.xml; path = Info.plist; sourceTree = "<group>"; };
/* End PBXFileReference section */

/* Begin PBXFrameworksBuildPhase section */
		59BC15701D2B62C8006973FA /* Frameworks */ = {
			isa = PBXFrameworksBuildPhase;
			buildActionMask = 2147483647;
			files = (
			);
			runOnlyForDeploymentPostprocessing = 0;
		};
/* End PBXFrameworksBuildPhase section */

/* Begin PBXGroup section */
		59BC156A1D2B62C8006973FA = {
			isa = PBXGroup;
			children = (
				59BC15751D2B62C8006973FA /* Quartz2DProgrammingGuide */,
				59BC15741D2B62C8006973FA /* Products */,
			);
			sourceTree = "<group>";
		};
		59BC15741D2B62C8006973FA /* Products */ = {
			isa = PBXGroup;
			children = (
				59BC15731D2B62C8006973FA /* Quartz2DProgrammingGuide.app */,
			);
			name = Products;
			sourceTree = "<group>";
		};
		59BC15751D2B62C8006973FA /* Quartz2DProgrammingGuide */ = {
			isa = PBXGroup;
			children = (
				59BC15791D2B62C8006973FA /* AppDelegate.h */,
				59BC157A1D2B62C8006973FA /* AppDelegate.m */,
				59BC157C1D2B62C8006973FA /* ViewController.h */,
				59BC157D1D2B62C8006973FA /* ViewController.m */,
				59BC157F1D2B62C8006973FA /* Main.storyboard */,
				59BC15821D2B62C8006973FA /* Assets.xcassets */,
				59BC15841D2B62C8006973FA /* LaunchScreen.storyboard */,
				59BC15871D2B62C8006973FA /* Info.plist */,
				59BC15761D2B62C8006973FA /* Supporting Files */,
			);
			path = Quartz2DProgrammingGuide;
			sourceTree = "<group>";
		};
		59BC15761D2B62C8006973FA /* Supporting Files */ = {
			isa = PBXGroup;
			children = (
				59BC15771D2B62C8006973FA /* main.m */,
			);
			name = "Supporting Files";
			sourceTree = "<group>";
		};
/* End PBXGroup section */

/* Begin PBXNativeTarget section */
		59BC15721D2B62C8006973FA /* Quartz2DProgrammingGuide */ = {
			isa = PBXNativeTarget;
			buildConfigurationList = 59BC158A1D2B62C8006973FA /* Build configuration list for PBXNativeTarget "Quartz2DProgrammingGuide" */;
			buildPhases = (
				59BC156F1D2B62C8006973FA /* Sources */,
				59BC15701D2B62C8006973FA /* Frameworks */,
				59BC15711D2B62C8006973FA /* Resources */,
			);
			buildRules = (
			);
			dependencies = (
			);
			name = Quartz2DProgrammingGuide;
			productName = Quartz2DProgrammingGuide;
			productReference = 59BC15731D2B62C8006973FA /* Quartz2DProgrammingGuide.app */;
			productType = "com.apple.product-type.application";
		};
/* End PBXNativeTarget section */

/* Begin PBXProject section */
		59BC156B1D2B62C8006973FA /* Project object */ = {
			isa = PBXProject;
			attributes = {
				LastUpgradeCheck = 0730;
				ORGANIZATIONNAME = JSB_02;
				TargetAttributes = {
					59BC15721D2B62C8006973FA = {
						CreatedOnToolsVersion = 7.3;
					};
				};
			};
			buildConfigurationList = 59BC156E1D2B62C8006973FA /* Build configuration list for PBXProject "Quartz2DProgrammingGuide" */;
			compatibilityVersion = "Xcode 3.2";
			developmentRegion = English;
			hasScannedForEncodings = 0;
			knownRegions = (
				en,
				Base,
			);
			mainGroup = 59BC156A1D2B62C8006973FA;
			productRefGroup = 59BC15741D2B62C8006973FA /* Products */;
			projectDirPath = "";
			projectRoot = "";
			targets = (
				59BC15721D2B62C8006973FA /* Quartz2DProgrammingGuide */,
			);
		};
/* End PBXProject section */

/* Begin PBXResourcesBuildPhase section */
		59BC15711D2B62C8006973FA /* Resources */ = {
			isa = PBXResourcesBuildPhase;
			buildActionMask = 2147483647;
			files = (
				59BC15861D2B62C8006973FA /* LaunchScreen.storyboard in Resources */,
				59BC15831D2B62C8006973FA /* Assets.xcassets in Resources */,
				59BC15811D2B62C8006973FA /* Main.storyboard in Resources */,
			);
			runOnlyForDeploymentPostprocessing = 0;
		};
/* End PBXResourcesBuildPhase section */

/* Begin PBXSourcesBuildPhase section */
		59BC156F1D2B62C8006973FA /* Sources */ = {
			isa = PBXSourcesBuildPhase;
			buildActionMask = 2147483647;
			files = (
				59BC157E1D2B62C8006973FA /* ViewController.m in Sources */,
				59BC157B1D2B62C8006973FA /* AppDelegate.m in Sources */,
				59BC15781D2B62C8006973FA /* main.m in Sources */,
			);
			runOnlyForDeploymentPostprocessing = 0;
		};
/* End PBXSourcesBuildPhase section */

/* Begin PBXVariantGroup section */
		59BC157F1D2B62C8006973FA /* Main.storyboard */ = {
			isa = PBXVariantGroup;
			children = (
				59BC15801D2B62C8006973FA /* Base */,
			);
			name = Main.storyboard;
			sourceTree = "<group>";
		};
		59BC15841D2B62C8006973FA /* LaunchScreen.storyboard */ = {
			isa = PBXVariantGroup;
			children = (
				59BC15851D2B62C8006973FA /* Base */,
			);
			name = LaunchScreen.storyboard;
			sourceTree = "<group>";
		};
/* End PBXVariantGroup section */

/* Begin XCBuildConfiguration section */
		59BC15881D2B62C8006973FA /* Debug */ = {
			isa = XCBuildConfiguration;
			buildSettings = {
				ALWAYS_SEARCH_USER_PATHS = NO;
				CLANG_ANALYZER_NONNULL = YES;
				CLANG_CXX_LANGUAGE_STANDARD = "gnu++0x";
				CLANG_CXX_LIBRARY = "libc++";
				CLANG_ENABLE_MODULES = YES;
				CLANG_ENABLE_OBJC_ARC = YES;
				CLANG_WARN_BOOL_CONVERSION = YES;
				CLANG_WARN_CONSTANT_CONVERSION = YES;
				CLANG_WARN_DIRECT_OBJC_ISA_USAGE = YES_ERROR;
				CLANG_WARN_EMPTY_BODY = YES;
				CLANG_WARN_ENUM_CONVERSION = YES;
				CLANG_WARN_INT_CONVERSION = YES;
				CLANG_WARN_OBJC_ROOT_CLASS = YES_ERROR;
				CLANG_WARN_UNREACHABLE_CODE = YES;
				CLANG_WARN__DUPLICATE_METHOD_MATCH = YES;
				"CODE_SIGN_IDENTITY[sdk=iphoneos*]" = "iPhone Developer";
				COPY_PHASE_STRIP = NO;
				DEBUG_INFORMATION_FORMAT = dwarf;
				ENABLE_STRICT_OBJC_MSGSEND = YES;
				ENABLE_TESTABILITY = YES;
				GCC_C_LANGUAGE_STANDARD = gnu99;
				GCC_DYNAMIC_NO_PIC = NO;
				GCC_NO_COMMON_BLOCKS = YES;
				GCC_OPTIMIZATION_LEVEL = 0;
				GCC_PREPROCESSOR_DEFINITIONS = (
					"DEBUG=1",
					"$(inherited)",
				);
				GCC_WARN_64_TO_32_BIT_CONVERSION = YES;
				GCC_WARN_ABOUT_RETURN_TYPE = YES_ERROR;
				GCC_WARN_UNDECLARED_SELECTOR = YES;
				GCC_WARN_UNINITIALIZED_AUTOS = YES_AGGRESSIVE;
				GCC_WARN_UNUSED_FUNCTION = YES;
				GCC_WARN_UNUSED_VARIABLE = YES;
				IPHONEOS_DEPLOYMENT_TARGET = 9.3;
				MTL_ENABLE_DEBUG_INFO = YES;
				ONLY_ACTIVE_ARCH = YES;
				SDKROOT = iphoneos;
				TARGETED_DEVICE_FAMILY = "1,2";
			};
			name = Debug;
		};
		59BC15891D2B62C8006973FA /* Release */ = {
			isa = XCBuildConfiguration;
			buildSettings = {
				ALWAYS_SEARCH_USER_PATHS = NO;
				CLANG_ANALYZER_NONNULL = YES;
				CLANG_CXX_LANGUAGE_STANDARD = "gnu++0x";
				CLANG_CXX_LIBRARY = "libc++";
				CLANG_ENABLE_MODULES = YES;
				CLANG_ENABLE_OBJC_ARC = YES;
				CLANG_WARN_BOOL_CONVERSION = YES;
				CLANG_WARN_CONSTANT_CONVERSION = YES;
				CLANG_WARN_DIRECT_OBJC_ISA_USAGE = YES_ERROR;
				CLANG_WARN_EMPTY_BODY = YES;
				CLANG_WARN_ENUM_CONVERSION = YES;
				CLANG_WARN_INT_CONVERSION = YES;
				CLANG_WARN_OBJC_ROOT_CLASS = YES_ERROR;
				CLANG_WARN_UNREACHABLE_CODE = YES;
				CLANG_WARN__DUPLICATE_METHOD_MATCH = YES;
				"CODE_SIGN_IDENTITY[sdk=iphoneos*]" = "iPhone Developer";
				COPY_PHASE_STRIP = NO;
				DEBUG_INFORMATION_FORMAT = "dwarf-with-dsym";
				ENABLE_NS_ASSERTIONS = NO;
				ENABLE_STRICT_OBJC_MSGSEND = YES;
				GCC_C_LANGUAGE_STANDARD = gnu99;
				GCC_NO_COMMON_BLOCKS = YES;
				GCC_WARN_64_TO_32_BIT_CONVERSION = YES;
				GCC_WARN_ABOUT_RETURN_TYPE = YES_ERROR;
				GCC_WARN_UNDECLARED_SELECTOR = YES;
				GCC_WARN_UNINITIALIZED_AUTOS = YES_AGGRESSIVE;
				GCC_WARN_UNUSED_FUNCTION = YES;
				GCC_WARN_UNUSED_VARIABLE = YES;
				IPHONEOS_DEPLOYMENT_TARGET = 9.3;
				MTL_ENABLE_DEBUG_INFO = NO;
				SDKROOT = iphoneos;
				TARGETED_DEVICE_FAMILY = "1,2";
				VALIDATE_PRODUCT = YES;
			};
			name = Release;
		};
		59BC158B1D2B62C8006973FA /* Debug */ = {
			isa = XCBuildConfiguration;
			buildSettings = {
				ASSETCATALOG_COMPILER_APPICON_NAME = AppIcon;
				INFOPLIST_FILE = Quartz2DProgrammingGuide/Info.plist;
				LD_RUNPATH_SEARCH_PATHS = "$(inherited) @executable_path/Frameworks";
				PRODUCT_BUNDLE_IDENTIFIER = cn.flyfund.Quartz2DProgrammingGuide;
				PRODUCT_NAME = "$(TARGET_NAME)";
			};
			name = Debug;
		};
		59BC158C1D2B62C8006973FA /* Release */ = {
			isa = XCBuildConfiguration;
			buildSettings = {
				ASSETCATALOG_COMPILER_APPICON_NAME = AppIcon;
				INFOPLIST_FILE = Quartz2DProgrammingGuide/Info.plist;
				LD_RUNPATH_SEARCH_PATHS = "$(inherited) @executable_path/Frameworks";
				PRODUCT_BUNDLE_IDENTIFIER = cn.flyfund.Quartz2DProgrammingGuide;
				PRODUCT_NAME = "$(TARGET_NAME)";
			};
			name = Release;
		};
/* End XCBuildConfiguration section */

/* Begin XCConfigurationList section */
		59BC156E1D2B62C8006973FA /* Build configuration list for PBXProject "Quartz2DProgrammingGuide" */ = {
			isa = XCConfigurationList;
			buildConfigurations = (
				59BC15881D2B62C8006973FA /* Debug */,
				59BC15891D2B62C8006973FA /* Release */,
			);
			defaultConfigurationIsVisible = 0;
			defaultConfigurationName = Release;
		};
		59BC158A1D2B62C8006973FA /* Build configuration list for PBXNativeTarget "Quartz2DProgrammingGuide" */ = {
			isa = XCConfigurationList;
			buildConfigurations = (
				59BC158B1D2B62C8006973FA /* Debug */,
				59BC158C1D2B62C8006973FA /* Release */,
			);
			defaultConfigurationIsVisible = 0;
		};
/* End XCConfigurationList section */
	};
	rootObject = 59BC156B1D2B62C8006973FA /* Project object */;
}
